github.com/jamiealquiza/bicache v2.0.0+incompatible h1:0V+RlPLr4g9PkC2CZdZg/6NlN6bgdhlqdEsP1Fm6Q8U=
github.com/jamiealquiza/bicache v2.0.0+incompatible/go.mod h1:xSPiksbz+HyGfZ+2f5KngWsTJex9wUilkK4sIdXDgUM=
github.com/jamiealquiza/fnv v1.0.0 h1:4NwlkaoZiLhqk008EY5+MTGVPRQZgRG/6B7+jN7ueT8=
github.com/jamiealquiza/fnv v1.0.0/go.mod h1:iJRnFlvFvZpWKZd+KljYXcyQLasMIKAVuQhx63P4DUk=
github.com/jamiealquiza/tachymeter v2.0.0+incompatible h1:mGiF1DGo8l6vnGT8FXNNcIXht/YmjzfraiUprXYwJ6g=
github.com/jamiealquiza/tachymeter v2.0.0+incompatible/go.mod h1:Ayf6zPZKEnLsc3winWEXJRkTBhdHo58HODAu1oFJkYU=
golang.org/x/crypto v0.0.0-20220315160706-3147a52a75dd h1:XcWmESyNjXJMLahc3mqVQJcgSTDxFxhETVlfk9uGc38=
golang.org/x/crypto v0.0.0-20220315160706-3147a52a75dd/go.mod h1:IxCIyHEi3zRg3s0A5j5BB6A9Jmi73HwBIUl50j+osU4=
golang.org/x/sys v0.0.0-20220318055525-2edf467146b5 h1:saXMvIOKvRFwbOMicHXr0B1uwoxq9dGmLe5ExMES6c4=
golang.org/x/sys v0.0.0-20220318055525-2edf467146b5/go.mod h1:oPkhp1MJrh7nUepCBck5+mAzfO9JrbApNNgaTdGDITg=
