github.com/jamiealquiza/bicache v2.0.0+incompatible h1:0V+RlPLr4g9PkC2CZdZg/6NlN6bgdhlqdEsP1Fm6Q8U=
github.com/jamiealquiza/bicache v2.0.0+incompatible/go.mod h1:xSPiksbz+HyGfZ+2f5KngWsTJex9wUilkK4sIdXDgUM=
github.com/jamiealquiza/fnv v1.0.0 h1:4NwlkaoZiLhqk008EY5+MTGVPRQZgRG/6B7+jN7ueT8=
github.com/jamiealquiza/fnv v1.0.0/go.mod h1:iJRnFlvFvZpWKZd+KljYXcyQLasMIKAVuQhx63P4DUk=
github.com/jamiealquiza/tachymeter v2.0.0+incompatible h1:mGiF1DGo8l6vnGT8FXNNcIXht/YmjzfraiUprXYwJ6g=
github.com/jamiealquiza/tachymeter v2.0.0+incompatible/go.mod h1:Ayf6zPZKEnLsc3winWEXJRkTBhdHo58HODAu1oFJkYU=
golang.org/x/crypto v0.0.0-20220313003712-b769efc7c000 h1:SL+8VVnkqyshUSz5iNnXtrBQzvFF2SkROm6t5RczFAE=
golang.org/x/crypto v0.0.0-20220313003712-b769efc7c000/go.mod h1:IxCIyHEi3zRg3s0A5j5BB6A9Jmi73HwBIUl50j+osU4=
golang.org/x/net v0.0.0-20211112202133-69e39bad7dc2/go.mod h1:9nx3DQGgdP8bBQD5qxJ1jj9UTztislL4KSBs9R2vV5Y=
golang.org/x/sys v0.0.0-20201119102817-f84b799fce68/go.mod h1:h1NjWce9XRLGQEsW7wpKNCjG9DtNlClVuFLEZdDNbEs=
golang.org/x/sys v0.0.0-20210423082822-04245dca01da/go.mod h1:h1NjWce9XRLGQEsW7wpKNCjG9DtNlClVuFLEZdDNbEs=
golang.org/x/sys v0.0.0-20210615035016-665e8c7367d1/go.mod h1:oPkhp1MJrh7nUepCBck5+mAzfO9JrbApNNgaTdGDITg=
golang.org/x/sys v0.0.0-20220310020820-b874c991c1a5 h1:y/woIyUBFbpQGKS0u1aHF/40WUDnek3fPOyD08H5Vng=
golang.org/x/sys v0.0.0-20220310020820-b874c991c1a5/go.mod h1:oPkhp1MJrh7nUepCBck5+mAzfO9JrbApNNgaTdGDITg=
golang.org/x/term v0.0.0-20201126162022-7de9c90e9dd1/go.mod h1:bj7SfCRtBDWHUb9snDiAeCFNEtKQo2Wmx5Cou7ajbmo=
golang.org/x/text v0.3.6/go.mod h1:5Zoc/QRtKVWzQhOtBMvqHzDpF6irO9z98xDceosuGiQ=
golang.org/x/tools v0.0.0-20180917221912-90fa682c2a6e/go.mod h1:n7NCudcB/nEzxVGmLbDWY5pfWTLqBcC2KZ6jyYvM4mQ=
